
Microsoft Visual Studio Solution File, Format Version 12.00
# Visual Studio 2015
Project("{FAE04EC0-301F-11D3-BF4B-00C04F79EFBC}") = "Tycoon Terrain.CSharp", "Tycoon Terrain.CSharp.csproj", "{260D49B7-95A6-455A-3994-C166F564ECDB}"
EndProject
Project("{FAE04EC0-301F-11D3-BF4B-00C04F79EFBC}") = "Tycoon Terrain.CSharp.Editor", "Tycoon Terrain.CSharp.Editor.csproj", "{2F77924D-171B-5793-86B8-52689258B079}"
EndProject
Global
	GlobalSection(SolutionConfigurationPlatforms) = preSolution
		Debug|Any CPU = Debug|Any CPU
		Release|Any CPU = Release|Any CPU
	EndGlobalSection
	GlobalSection(ProjectConfigurationPlatforms) = postSolution
		{260D49B7-95A6-455A-3994-C166F564ECDB}.Debug|Any CPU.ActiveCfg = Debug|Any CPU
		{260D49B7-95A6-455A-3994-C166F564ECDB}.Debug|Any CPU.Build.0 = Debug|Any CPU
		{260D49B7-95A6-455A-3994-C166F564ECDB}.Release|Any CPU.ActiveCfg = Release|Any CPU
		{260D49B7-95A6-455A-3994-C166F564ECDB}.Release|Any CPU.Build.0 = Release|Any CPU
		{2F77924D-171B-5793-86B8-52689258B079}.Debug|Any CPU.ActiveCfg = Debug|Any CPU
		{2F77924D-171B-5793-86B8-52689258B079}.Debug|Any CPU.Build.0 = Debug|Any CPU
		{2F77924D-171B-5793-86B8-52689258B079}.Release|Any CPU.ActiveCfg = Release|Any CPU
		{2F77924D-171B-5793-86B8-52689258B079}.Release|Any CPU.Build.0 = Release|Any CPU
	EndGlobalSection
	GlobalSection(SolutionProperties) = preSolution
		HideSolutionNode = FALSE
	EndGlobalSection
EndGlobal
